
Microsoft Visual Studio Solution File, Format Version 12.00
# Visual Studio 14
VisualStudioVersion = 14.0.23107.0
MinimumVisualStudioVersion = 10.0.40219.1
Project("{8BC9CEB8-8B4A-11D0-8D11-00A0C91BC942}") = "nxplugin", "nxplugin\nxplugin.vcxproj", "{AB4E9E7E-21BD-47EF-9927-2BB09283B5EA}"
EndProject
Project("{8BC9CEB8-8B4A-11D0-8D11-00A0C91BC942}") = "HostApp", "HostApp\HostApp.vcxproj", "{618988A3-02EB-4F37-A9FD-DD8DB1145B39}"
	ProjectSection(ProjectDependencies) = postProject
		{AB4E9E7E-21BD-47EF-9927-2BB09283B5EA} = {AB4E9E7E-21BD-47EF-9927-2BB09283B5EA}
	EndProjectSection
EndProject
Project("{8BC9CEB8-8B4A-11D0-8D11-00A0C91BC942}") = "libzip", "libzip\libzip.vcxproj", "{973D5DDD-8863-485C-8F07-6BED8FB86351}"
EndProject
Project("{8BC9CEB8-8B4A-11D0-8D11-00A0C91BC942}") = "CirclePlugin", "CirclePlugin\CirclePlugin.vcxproj", "{D20FFAAA-DF31-4ED5-B5AE-D582D6D18DBE}"
EndProject
Project("{8BC9CEB8-8B4A-11D0-8D11-00A0C91BC942}") = "SquarePlugin", "SquarePlugin\SquarePlugin.vcxproj", "{DC7DED7E-DE19-4049-A3CB-73A0304D1560}"
EndProject
Global
	GlobalSection(SolutionConfigurationPlatforms) = preSolution
		Debug|x64 = Debug|x64
		Debug|x86 = Debug|x86
		Release|x64 = Release|x64
		Release|x86 = Release|x86
	EndGlobalSection
	GlobalSection(ProjectConfigurationPlatforms) = postSolution
		{AB4E9E7E-21BD-47EF-9927-2BB09283B5EA}.Debug|x64.ActiveCfg = Debug|x64
		{AB4E9E7E-21BD-47EF-9927-2BB09283B5EA}.Debug|x64.Build.0 = Debug|x64
		{AB4E9E7E-21BD-47EF-9927-2BB09283B5EA}.Debug|x86.ActiveCfg = Debug|Win32
		{AB4E9E7E-21BD-47EF-9927-2BB09283B5EA}.Debug|x86.Build.0 = Debug|Win32
		{AB4E9E7E-21BD-47EF-9927-2BB09283B5EA}.Release|x64.ActiveCfg = Release|x64
		{AB4E9E7E-21BD-47EF-9927-2BB09283B5EA}.Release|x64.Build.0 = Release|x64
		{AB4E9E7E-21BD-47EF-9927-2BB09283B5EA}.Release|x86.ActiveCfg = Release|Win32
		{AB4E9E7E-21BD-47EF-9927-2BB09283B5EA}.Release|x86.Build.0 = Release|Win32
		{618988A3-02EB-4F37-A9FD-DD8DB1145B39}.Debug|x64.ActiveCfg = Debug|x64
		{618988A3-02EB-4F37-A9FD-DD8DB1145B39}.Debug|x64.Build.0 = Debug|x64
		{618988A3-02EB-4F37-A9FD-DD8DB1145B39}.Debug|x86.ActiveCfg = Debug|Win32
		{618988A3-02EB-4F37-A9FD-DD8DB1145B39}.Debug|x86.Build.0 = Debug|Win32
		{618988A3-02EB-4F37-A9FD-DD8DB1145B39}.Release|x64.ActiveCfg = Release|x64
		{618988A3-02EB-4F37-A9FD-DD8DB1145B39}.Release|x64.Build.0 = Release|x64
		{618988A3-02EB-4F37-A9FD-DD8DB1145B39}.Release|x86.ActiveCfg = Release|Win32
		{618988A3-02EB-4F37-A9FD-DD8DB1145B39}.Release|x86.Build.0 = Release|Win32
		{973D5DDD-8863-485C-8F07-6BED8FB86351}.Debug|x64.ActiveCfg = Debug|x64
		{973D5DDD-8863-485C-8F07-6BED8FB86351}.Debug|x64.Build.0 = Debug|x64
		{973D5DDD-8863-485C-8F07-6BED8FB86351}.Debug|x86.ActiveCfg = Debug|Win32
		{973D5DDD-8863-485C-8F07-6BED8FB86351}.Debug|x86.Build.0 = Debug|Win32
		{973D5DDD-8863-485C-8F07-6BED8FB86351}.Release|x64.ActiveCfg = Release|x64
		{973D5DDD-8863-485C-8F07-6BED8FB86351}.Release|x64.Build.0 = Release|x64
		{973D5DDD-8863-485C-8F07-6BED8FB86351}.Release|x86.ActiveCfg = Release|Win32
		{973D5DDD-8863-485C-8F07-6BED8FB86351}.Release|x86.Build.0 = Release|Win32
		{D20FFAAA-DF31-4ED5-B5AE-D582D6D18DBE}.Debug|x64.ActiveCfg = Debug|x64
		{D20FFAAA-DF31-4ED5-B5AE-D582D6D18DBE}.Debug|x64.Build.0 = Debug|x64
		{D20FFAAA-DF31-4ED5-B5AE-D582D6D18DBE}.Debug|x86.ActiveCfg = Debug|Win32
		{D20FFAAA-DF31-4ED5-B5AE-D582D6D18DBE}.Debug|x86.Build.0 = Debug|Win32
		{D20FFAAA-DF31-4ED5-B5AE-D582D6D18DBE}.Release|x64.ActiveCfg = Release|x64
		{D20FFAAA-DF31-4ED5-B5AE-D582D6D18DBE}.Release|x64.Build.0 = Release|x64
		{D20FFAAA-DF31-4ED5-B5AE-D582D6D18DBE}.Release|x86.ActiveCfg = Release|Win32
		{D20FFAAA-DF31-4ED5-B5AE-D582D6D18DBE}.Release|x86.Build.0 = Release|Win32
		{DC7DED7E-DE19-4049-A3CB-73A0304D1560}.Debug|x64.ActiveCfg = Debug|x64
		{DC7DED7E-DE19-4049-A3CB-73A0304D1560}.Debug|x64.Build.0 = Debug|x64
		{DC7DED7E-DE19-4049-A3CB-73A0304D1560}.Debug|x86.ActiveCfg = Debug|Win32
		{DC7DED7E-DE19-4049-A3CB-73A0304D1560}.Debug|x86.Build.0 = Debug|Win32
		{DC7DED7E-DE19-4049-A3CB-73A0304D1560}.Release|x64.ActiveCfg = Release|x64
		{DC7DED7E-DE19-4049-A3CB-73A0304D1560}.Release|x64.Build.0 = Release|x64
		{DC7DED7E-DE19-4049-A3CB-73A0304D1560}.Release|x86.ActiveCfg = Release|Win32
		{DC7DED7E-DE19-4049-A3CB-73A0304D1560}.Release|x86.Build.0 = Release|Win32
	EndGlobalSection
	GlobalSection(SolutionProperties) = preSolution
		HideSolutionNode = FALSE
	EndGlobalSection
EndGlobal
